
Microsoft Visual Studio Solution File, Format Version 12.00
# Visual Studio Version 17
VisualStudioVersion = 17.2.32630.192
MinimumVisualStudioVersion = 10.0.40219.1
Project("{FAE04EC0-301F-11D3-BF4B-00C04F79EFBC}") = "WForm_GetRfidLogsFromZebraPrinter01", "WForm_GetRfidLogsFromZebraPrinter01\WForm_GetRfidLogsFromZebraPrinter01.csproj", "{1C5B1121-57D5-4F1B-8C58-6C839D1FC18B}"
EndProject
Global
	GlobalSection(SolutionConfigurationPlatforms) = preSolution
		Debug|Any CPU = Debug|Any CPU
		Release|Any CPU = Release|Any CPU
	EndGlobalSection
	GlobalSection(ProjectConfigurationPlatforms) = postSolution
		{1C5B1121-57D5-4F1B-8C58-6C839D1FC18B}.Debug|Any CPU.ActiveCfg = Debug|Any CPU
		{1C5B1121-57D5-4F1B-8C58-6C839D1FC18B}.Debug|Any CPU.Build.0 = Debug|Any CPU
		{1C5B1121-57D5-4F1B-8C58-6C839D1FC18B}.Release|Any CPU.ActiveCfg = Release|Any CPU
		{1C5B1121-57D5-4F1B-8C58-6C839D1FC18B}.Release|Any CPU.Build.0 = Release|Any CPU
	EndGlobalSection
	GlobalSection(SolutionProperties) = preSolution
		HideSolutionNode = FALSE
	EndGlobalSection
	GlobalSection(ExtensibilityGlobals) = postSolution
		SolutionGuid = {C361A725-04B2-4AAB-B136-4C21850E7C71}
	EndGlobalSection
EndGlobal
